
Microsoft Visual Studio Solution File, Format Version 11.00
# Visual Studio 2010
Project("{FAE04EC0-301F-11D3-BF4B-00C04F79EFBC}") = "ADPEmployeeImport", "ADP\ADPEmployeeImport\ADPEmployeeImport.csproj", "{7733B17A-DEA8-43BB-830D-1E3305C46A3E}"
EndProject
Project("{FAE04EC0-301F-11D3-BF4B-00C04F79EFBC}") = "ADPClient", "ADP\ADPClient\ADPClient.csproj", "{C794FFAE-AA25-4017-B511-B4DECCC60D3B}"
EndProject
Project("{FAE04EC0-301F-11D3-BF4B-00C04F79EFBC}") = "TestADP", "ADP\TestADP\TestADP.csproj", "{C88C4F88-5E95-484B-8CFC-F5C7001EADCB}"
EndProject
Global
	GlobalSection(SolutionConfigurationPlatforms) = preSolution
		Debug|Any CPU = Debug|Any CPU
		Debug|Mixed Platforms = Debug|Mixed Platforms
		Debug|x86 = Debug|x86
		Release|Any CPU = Release|Any CPU
		Release|Mixed Platforms = Release|Mixed Platforms
		Release|x86 = Release|x86
	EndGlobalSection
	GlobalSection(ProjectConfigurationPlatforms) = postSolution
		{7733B17A-DEA8-43BB-830D-1E3305C46A3E}.Debug|Any CPU.ActiveCfg = Debug|Any CPU
		{7733B17A-DEA8-43BB-830D-1E3305C46A3E}.Debug|Any CPU.Build.0 = Debug|Any CPU
		{7733B17A-DEA8-43BB-830D-1E3305C46A3E}.Debug|Mixed Platforms.ActiveCfg = Debug|Any CPU
		{7733B17A-DEA8-43BB-830D-1E3305C46A3E}.Debug|Mixed Platforms.Build.0 = Debug|Any CPU
		{7733B17A-DEA8-43BB-830D-1E3305C46A3E}.Debug|x86.ActiveCfg = Debug|Any CPU
		{7733B17A-DEA8-43BB-830D-1E3305C46A3E}.Release|Any CPU.ActiveCfg = Release|Any CPU
		{7733B17A-DEA8-43BB-830D-1E3305C46A3E}.Release|Any CPU.Build.0 = Release|Any CPU
		{7733B17A-DEA8-43BB-830D-1E3305C46A3E}.Release|Mixed Platforms.ActiveCfg = Release|Any CPU
		{7733B17A-DEA8-43BB-830D-1E3305C46A3E}.Release|Mixed Platforms.Build.0 = Release|Any CPU
		{7733B17A-DEA8-43BB-830D-1E3305C46A3E}.Release|x86.ActiveCfg = Release|Any CPU
		{C794FFAE-AA25-4017-B511-B4DECCC60D3B}.Debug|Any CPU.ActiveCfg = Debug|Any CPU
		{C794FFAE-AA25-4017-B511-B4DECCC60D3B}.Debug|Any CPU.Build.0 = Debug|Any CPU
		{C794FFAE-AA25-4017-B511-B4DECCC60D3B}.Debug|Mixed Platforms.ActiveCfg = Debug|Any CPU
		{C794FFAE-AA25-4017-B511-B4DECCC60D3B}.Debug|Mixed Platforms.Build.0 = Debug|Any CPU
		{C794FFAE-AA25-4017-B511-B4DECCC60D3B}.Debug|x86.ActiveCfg = Debug|Any CPU
		{C794FFAE-AA25-4017-B511-B4DECCC60D3B}.Release|Any CPU.ActiveCfg = Release|Any CPU
		{C794FFAE-AA25-4017-B511-B4DECCC60D3B}.Release|Any CPU.Build.0 = Release|Any CPU
		{C794FFAE-AA25-4017-B511-B4DECCC60D3B}.Release|Mixed Platforms.ActiveCfg = Release|Any CPU
		{C794FFAE-AA25-4017-B511-B4DECCC60D3B}.Release|Mixed Platforms.Build.0 = Release|Any CPU
		{C794FFAE-AA25-4017-B511-B4DECCC60D3B}.Release|x86.ActiveCfg = Release|Any CPU
		{C88C4F88-5E95-484B-8CFC-F5C7001EADCB}.Debug|Any CPU.ActiveCfg = Debug|x86
		{C88C4F88-5E95-484B-8CFC-F5C7001EADCB}.Debug|Mixed Platforms.ActiveCfg = Debug|x86
		{C88C4F88-5E95-484B-8CFC-F5C7001EADCB}.Debug|Mixed Platforms.Build.0 = Debug|x86
		{C88C4F88-5E95-484B-8CFC-F5C7001EADCB}.Debug|x86.ActiveCfg = Debug|x86
		{C88C4F88-5E95-484B-8CFC-F5C7001EADCB}.Debug|x86.Build.0 = Debug|x86
		{C88C4F88-5E95-484B-8CFC-F5C7001EADCB}.Release|Any CPU.ActiveCfg = Release|x86
		{C88C4F88-5E95-484B-8CFC-F5C7001EADCB}.Release|Mixed Platforms.ActiveCfg = Release|x86
		{C88C4F88-5E95-484B-8CFC-F5C7001EADCB}.Release|Mixed Platforms.Build.0 = Release|x86
		{C88C4F88-5E95-484B-8CFC-F5C7001EADCB}.Release|x86.ActiveCfg = Release|x86
		{C88C4F88-5E95-484B-8CFC-F5C7001EADCB}.Release|x86.Build.0 = Release|x86
	EndGlobalSection
	GlobalSection(SolutionProperties) = preSolution
		HideSolutionNode = FALSE
	EndGlobalSection
EndGlobal
