
Microsoft Visual Studio Solution File, Format Version 11.00
# Visual Studio 2010
Project("{FAE04EC0-301F-11D3-BF4B-00C04F79EFBC}") = "MetricAlert", "Murphy\MetricAlert\MetricAlert.csproj", "{6E254CA2-2C19-4599-BAF2-D3E3102D71D0}"
EndProject
Global
	GlobalSection(SolutionConfigurationPlatforms) = preSolution
		Debug|Any CPU = Debug|Any CPU
		Release|Any CPU = Release|Any CPU
	EndGlobalSection
	GlobalSection(ProjectConfigurationPlatforms) = postSolution
		{6E254CA2-2C19-4599-BAF2-D3E3102D71D0}.Debug|Any CPU.ActiveCfg = Debug|Any CPU
		{6E254CA2-2C19-4599-BAF2-D3E3102D71D0}.Debug|Any CPU.Build.0 = Debug|Any CPU
		{6E254CA2-2C19-4599-BAF2-D3E3102D71D0}.Release|Any CPU.ActiveCfg = Release|Any CPU
		{6E254CA2-2C19-4599-BAF2-D3E3102D71D0}.Release|Any CPU.Build.0 = Release|Any CPU
	EndGlobalSection
	GlobalSection(SolutionProperties) = preSolution
		HideSolutionNode = FALSE
	EndGlobalSection
EndGlobal
