
Microsoft Visual Studio Solution File, Format Version 11.00
# Visual Studio 2010
Project("{FAE04EC0-301F-11D3-BF4B-00C04F79EFBC}") = "PAYCOMEmployeeImport", "PayCom\PAYCOMEmployeeImport\PAYCOMEmployeeImport.csproj", "{4DC6F8B4-80AF-4A14-9525-A9BAE2ECFB88}"
EndProject
Project("{FAE04EC0-301F-11D3-BF4B-00C04F79EFBC}") = "TestPAYCOM", "PayCom\TestPAYCOM\TestPAYCOM.csproj", "{23F41E85-A162-47BA-B268-0CF6E2C334EF}"
EndProject
Project("{FAE04EC0-301F-11D3-BF4B-00C04F79EFBC}") = "TestPayComDLL", "PayCom\TestPayComDLL\TestPayComDLL.csproj", "{6E69A049-CBFA-4E6E-BFA7-A585A8FC4995}"
EndProject
Global
	GlobalSection(SolutionConfigurationPlatforms) = preSolution
		Debug|Any CPU = Debug|Any CPU
		Debug|Mixed Platforms = Debug|Mixed Platforms
		Debug|x86 = Debug|x86
		Release|Any CPU = Release|Any CPU
		Release|Mixed Platforms = Release|Mixed Platforms
		Release|x86 = Release|x86
	EndGlobalSection
	GlobalSection(ProjectConfigurationPlatforms) = postSolution
		{4DC6F8B4-80AF-4A14-9525-A9BAE2ECFB88}.Debug|Any CPU.ActiveCfg = Debug|Any CPU
		{4DC6F8B4-80AF-4A14-9525-A9BAE2ECFB88}.Debug|Any CPU.Build.0 = Debug|Any CPU
		{4DC6F8B4-80AF-4A14-9525-A9BAE2ECFB88}.Debug|Mixed Platforms.ActiveCfg = Debug|Any CPU
		{4DC6F8B4-80AF-4A14-9525-A9BAE2ECFB88}.Debug|Mixed Platforms.Build.0 = Debug|Any CPU
		{4DC6F8B4-80AF-4A14-9525-A9BAE2ECFB88}.Debug|x86.ActiveCfg = Debug|Any CPU
		{4DC6F8B4-80AF-4A14-9525-A9BAE2ECFB88}.Release|Any CPU.ActiveCfg = Release|Any CPU
		{4DC6F8B4-80AF-4A14-9525-A9BAE2ECFB88}.Release|Any CPU.Build.0 = Release|Any CPU
		{4DC6F8B4-80AF-4A14-9525-A9BAE2ECFB88}.Release|Mixed Platforms.ActiveCfg = Release|Any CPU
		{4DC6F8B4-80AF-4A14-9525-A9BAE2ECFB88}.Release|Mixed Platforms.Build.0 = Release|Any CPU
		{4DC6F8B4-80AF-4A14-9525-A9BAE2ECFB88}.Release|x86.ActiveCfg = Release|Any CPU
		{23F41E85-A162-47BA-B268-0CF6E2C334EF}.Debug|Any CPU.ActiveCfg = Debug|x86
		{23F41E85-A162-47BA-B268-0CF6E2C334EF}.Debug|Mixed Platforms.ActiveCfg = Debug|x86
		{23F41E85-A162-47BA-B268-0CF6E2C334EF}.Debug|Mixed Platforms.Build.0 = Debug|x86
		{23F41E85-A162-47BA-B268-0CF6E2C334EF}.Debug|x86.ActiveCfg = Debug|x86
		{23F41E85-A162-47BA-B268-0CF6E2C334EF}.Debug|x86.Build.0 = Debug|x86
		{23F41E85-A162-47BA-B268-0CF6E2C334EF}.Release|Any CPU.ActiveCfg = Release|x86
		{23F41E85-A162-47BA-B268-0CF6E2C334EF}.Release|Mixed Platforms.ActiveCfg = Release|x86
		{23F41E85-A162-47BA-B268-0CF6E2C334EF}.Release|Mixed Platforms.Build.0 = Release|x86
		{23F41E85-A162-47BA-B268-0CF6E2C334EF}.Release|x86.ActiveCfg = Release|x86
		{23F41E85-A162-47BA-B268-0CF6E2C334EF}.Release|x86.Build.0 = Release|x86
		{6E69A049-CBFA-4E6E-BFA7-A585A8FC4995}.Debug|Any CPU.ActiveCfg = Debug|x86
		{6E69A049-CBFA-4E6E-BFA7-A585A8FC4995}.Debug|Mixed Platforms.ActiveCfg = Debug|x86
		{6E69A049-CBFA-4E6E-BFA7-A585A8FC4995}.Debug|Mixed Platforms.Build.0 = Debug|x86
		{6E69A049-CBFA-4E6E-BFA7-A585A8FC4995}.Debug|x86.ActiveCfg = Debug|x86
		{6E69A049-CBFA-4E6E-BFA7-A585A8FC4995}.Debug|x86.Build.0 = Debug|x86
		{6E69A049-CBFA-4E6E-BFA7-A585A8FC4995}.Release|Any CPU.ActiveCfg = Release|x86
		{6E69A049-CBFA-4E6E-BFA7-A585A8FC4995}.Release|Mixed Platforms.ActiveCfg = Release|x86
		{6E69A049-CBFA-4E6E-BFA7-A585A8FC4995}.Release|Mixed Platforms.Build.0 = Release|x86
		{6E69A049-CBFA-4E6E-BFA7-A585A8FC4995}.Release|x86.ActiveCfg = Release|x86
		{6E69A049-CBFA-4E6E-BFA7-A585A8FC4995}.Release|x86.Build.0 = Release|x86
	EndGlobalSection
	GlobalSection(SolutionProperties) = preSolution
		HideSolutionNode = FALSE
	EndGlobalSection
EndGlobal
